
Microsoft Visual Studio Solution File, Format Version 12.00
# Visual Studio Version 16
VisualStudioVersion = 16.0.29519.87
MinimumVisualStudioVersion = 10.0.40219.1
Project("{9A19103F-16F7-4668-BE54-9A1E7A4F7556}") = "SpiralMatrix", "SpiralMatrix\SpiralMatrix.csproj", "{74BCA080-339A-4072-8D49-8A58F0F60A27}"
EndProject
Project("{9A19103F-16F7-4668-BE54-9A1E7A4F7556}") = "CubePairSearch", "CubePairSearch\CubePairSearch.csproj", "{8AFEE3DA-C062-4BBB-8DB4-F7661D3AD19C}"
EndProject
Project("{9A19103F-16F7-4668-BE54-9A1E7A4F7556}") = "StringRotation", "StringRotation\StringRotation.csproj", "{6B71B21A-9B22-4388-B3CA-05748F15C21D}"
EndProject
Project("{9A19103F-16F7-4668-BE54-9A1E7A4F7556}") = "Intersection", "Intersection\Intersection.csproj", "{84BECFD4-2629-4B2D-9DCE-1226E7A80B3D}"
EndProject
Project("{FAE04EC0-301F-11D3-BF4B-00C04F79EFBC}") = "PermutationString", "PermutationString\PermutationString.csproj", "{A28A7FF3-4CA8-4178-B8D1-68A2A910AAA3}"
EndProject
Global
	GlobalSection(SolutionConfigurationPlatforms) = preSolution
		Debug|Any CPU = Debug|Any CPU
		Release|Any CPU = Release|Any CPU
	EndGlobalSection
	GlobalSection(ProjectConfigurationPlatforms) = postSolution
		{74BCA080-339A-4072-8D49-8A58F0F60A27}.Debug|Any CPU.ActiveCfg = Debug|Any CPU
		{74BCA080-339A-4072-8D49-8A58F0F60A27}.Debug|Any CPU.Build.0 = Debug|Any CPU
		{74BCA080-339A-4072-8D49-8A58F0F60A27}.Release|Any CPU.ActiveCfg = Release|Any CPU
		{74BCA080-339A-4072-8D49-8A58F0F60A27}.Release|Any CPU.Build.0 = Release|Any CPU
		{8AFEE3DA-C062-4BBB-8DB4-F7661D3AD19C}.Debug|Any CPU.ActiveCfg = Debug|Any CPU
		{8AFEE3DA-C062-4BBB-8DB4-F7661D3AD19C}.Debug|Any CPU.Build.0 = Debug|Any CPU
		{8AFEE3DA-C062-4BBB-8DB4-F7661D3AD19C}.Release|Any CPU.ActiveCfg = Release|Any CPU
		{8AFEE3DA-C062-4BBB-8DB4-F7661D3AD19C}.Release|Any CPU.Build.0 = Release|Any CPU
		{6B71B21A-9B22-4388-B3CA-05748F15C21D}.Debug|Any CPU.ActiveCfg = Debug|Any CPU
		{6B71B21A-9B22-4388-B3CA-05748F15C21D}.Debug|Any CPU.Build.0 = Debug|Any CPU
		{6B71B21A-9B22-4388-B3CA-05748F15C21D}.Release|Any CPU.ActiveCfg = Release|Any CPU
		{6B71B21A-9B22-4388-B3CA-05748F15C21D}.Release|Any CPU.Build.0 = Release|Any CPU
		{84BECFD4-2629-4B2D-9DCE-1226E7A80B3D}.Debug|Any CPU.ActiveCfg = Debug|Any CPU
		{84BECFD4-2629-4B2D-9DCE-1226E7A80B3D}.Debug|Any CPU.Build.0 = Debug|Any CPU
		{84BECFD4-2629-4B2D-9DCE-1226E7A80B3D}.Release|Any CPU.ActiveCfg = Release|Any CPU
		{84BECFD4-2629-4B2D-9DCE-1226E7A80B3D}.Release|Any CPU.Build.0 = Release|Any CPU
		{A28A7FF3-4CA8-4178-B8D1-68A2A910AAA3}.Debug|Any CPU.ActiveCfg = Debug|Any CPU
		{A28A7FF3-4CA8-4178-B8D1-68A2A910AAA3}.Debug|Any CPU.Build.0 = Debug|Any CPU
		{A28A7FF3-4CA8-4178-B8D1-68A2A910AAA3}.Release|Any CPU.ActiveCfg = Release|Any CPU
		{A28A7FF3-4CA8-4178-B8D1-68A2A910AAA3}.Release|Any CPU.Build.0 = Release|Any CPU
	EndGlobalSection
	GlobalSection(SolutionProperties) = preSolution
		HideSolutionNode = FALSE
	EndGlobalSection
	GlobalSection(ExtensibilityGlobals) = postSolution
		SolutionGuid = {C84FDEA1-E70C-461F-95A3-BC673200E207}
	EndGlobalSection
EndGlobal
